// !$*UTF8*$!
{
	archiveVersion = 1;
	classes = {
	};
	objectVersion = 46;
	objects = {

/* Begin PBXBuildFile section */
		1E1AB2A01EBD040300ED89FA /* SignUpViewController.swift in Sources */ = {isa = PBXBuildFile; fileRef = 1E1AB29F1EBD040300ED89FA /* SignUpViewController.swift */; };
		1E1AB2A61EBD71AC00ED89FA /* SingUpEntryCell.swift in Sources */ = {isa = PBXBuildFile; fileRef = 1E1AB2A51EBD71AC00ED89FA /* SingUpEntryCell.swift */; };
		1E345ED71EBF9A3B005FA0A2 /* SettingViewController.swift in Sources */ = {isa = PBXBuildFile; fileRef = 1E345ED61EBF9A3B005FA0A2 /* SettingViewController.swift */; };
		1E345ED91EBFD363005FA0A2 /* SpotifySettingCell.swift in Sources */ = {isa = PBXBuildFile; fileRef = 1E345ED81EBFD363005FA0A2 /* SpotifySettingCell.swift */; };
		1E345EDB1EBFD378005FA0A2 /* FitbitSettingCell.swift in Sources */ = {isa = PBXBuildFile; fileRef = 1E345EDA1EBFD378005FA0A2 /* FitbitSettingCell.swift */; };
		1E345EDD1EBFEC01005FA0A2 /* SpotifyOauthController.swift in Sources */ = {isa = PBXBuildFile; fileRef = 1E345EDC1EBFEC01005FA0A2 /* SpotifyOauthController.swift */; };
		1E398A141EBE4D300019DE51 /* MainViewController.swift in Sources */ = {isa = PBXBuildFile; fileRef = 1E398A131EBE4D2F0019DE51 /* MainViewController.swift */; };
		1E398A161EBE4E960019DE51 /* LoginViewController.swift in Sources */ = {isa = PBXBuildFile; fileRef = 1E398A151EBE4E960019DE51 /* LoginViewController.swift */; };
		1E398A171EBE4F3A0019DE51 /* LoginEntryCell.swift in Sources */ = {isa = PBXBuildFile; fileRef = 1E1AB2A11EBD552600ED89FA /* LoginEntryCell.swift */; };
		1E3F68991EBEC83700ED5CDA /* SpinView.swift in Sources */ = {isa = PBXBuildFile; fileRef = 1E3F68981EBEC83700ED5CDA /* SpinView.swift */; };
		1E70C4D51EC259EA00ACA36E /* WelcomeController.swift in Sources */ = {isa = PBXBuildFile; fileRef = 1E70C4D41EC259EA00ACA36E /* WelcomeController.swift */; };
		1E70C4D71EC25B2B00ACA36E /* IntroPageViewController.swift in Sources */ = {isa = PBXBuildFile; fileRef = 1E70C4D61EC25B2B00ACA36E /* IntroPageViewController.swift */; };
		1E70C4D91EC25C8200ACA36E /* FitBitOauthController.swift in Sources */ = {isa = PBXBuildFile; fileRef = 1E70C4D81EC25C8200ACA36E /* FitBitOauthController.swift */; };
		1E70C4DB1EC26E9100ACA36E /* IntroViewController.swift in Sources */ = {isa = PBXBuildFile; fileRef = 1E70C4DA1EC26E9000ACA36E /* IntroViewController.swift */; };
		1E8B6DDD1EC01CCE0060668F /* MyMusic.xib in Resources */ = {isa = PBXBuildFile; fileRef = 1E8B6DDC1EC01CCE0060668F /* MyMusic.xib */; };
		1E8B6DE11EC01E790060668F /* MyMusic.swift in Sources */ = {isa = PBXBuildFile; fileRef = 1E8B6DE01EC01E790060668F /* MyMusic.swift */; };
		1E8B6DE71EC044F10060668F /* Assets.xcassets in Resources */ = {isa = PBXBuildFile; fileRef = 1E8B6DE61EC044F10060668F /* Assets.xcassets */; };
		42456EFB73996FDD638C0E2E /* Pods_MyMusic.framework in Frameworks */ = {isa = PBXBuildFile; fileRef = BF5A0A281DF8BDD6AC725740 /* Pods_MyMusic.framework */; };
		4D863C741EBE76E800AE1FE6 /* FitbitAPI.swift in Sources */ = {isa = PBXBuildFile; fileRef = 4D863C731EBE76E800AE1FE6 /* FitbitAPI.swift */; };
		4DB4AE861EBE87D3002C4DB3 /* FitbitAuthenticationController.swift in Sources */ = {isa = PBXBuildFile; fileRef = 4DB4AE851EBE87D3002C4DB3 /* FitbitAuthenticationController.swift */; };
		4DB4AE8A1EBF9BFE002C4DB3 /* FavActivities.swift in Sources */ = {isa = PBXBuildFile; fileRef = 4DB4AE891EBF9BFE002C4DB3 /* FavActivities.swift */; };
		4DB4AE8C1EC11F03002C4DB3 /* Activity.swift in Sources */ = {isa = PBXBuildFile; fileRef = 4DB4AE8B1EC11F03002C4DB3 /* Activity.swift */; };
		4DB4AE8E1EC11FCA002C4DB3 /* Goals.swift in Sources */ = {isa = PBXBuildFile; fileRef = 4DB4AE8D1EC11FCA002C4DB3 /* Goals.swift */; };
		4DB4AE901EC11FEF002C4DB3 /* DailyActivitySummary.swift in Sources */ = {isa = PBXBuildFile; fileRef = 4DB4AE8F1EC11FEF002C4DB3 /* DailyActivitySummary.swift */; };
		4DB4AE921EC539C1002C4DB3 /* Activity.storyboard in Resources */ = {isa = PBXBuildFile; fileRef = 4DB4AE911EC539C1002C4DB3 /* Activity.storyboard */; };
		4DB4AE941EC53D34002C4DB3 /* ActivityViewController.swift in Sources */ = {isa = PBXBuildFile; fileRef = 4DB4AE931EC53D34002C4DB3 /* ActivityViewController.swift */; };
		4DC3974A1EB0254100FCBA4C /* AppDelegate.swift in Sources */ = {isa = PBXBuildFile; fileRef = 4DC397491EB0254100FCBA4C /* AppDelegate.swift */; };
		4DC3974F1EB0254100FCBA4C /* Main.storyboard in Resources */ = {isa = PBXBuildFile; fileRef = 4DC3974D1EB0254100FCBA4C /* Main.storyboard */; };
		4DC397541EB0254100FCBA4C /* LaunchScreen.storyboard in Resources */ = {isa = PBXBuildFile; fileRef = 4DC397521EB0254100FCBA4C /* LaunchScreen.storyboard */; };
		4DC3975C1EB0260B00FCBA4C /* PlayList.storyboard in Resources */ = {isa = PBXBuildFile; fileRef = 4DC3975B1EB0260B00FCBA4C /* PlayList.storyboard */; };
		4DC3975E1EB0262000FCBA4C /* Login.storyboard in Resources */ = {isa = PBXBuildFile; fileRef = 4DC3975D1EB0262000FCBA4C /* Login.storyboard */; };
		4DC397601EB030C700FCBA4C /* Settings.storyboard in Resources */ = {isa = PBXBuildFile; fileRef = 4DC3975F1EB030C700FCBA4C /* Settings.storyboard */; };
		4DC397631EB2776700FCBA4C /* MusicClient.swift in Sources */ = {isa = PBXBuildFile; fileRef = 4DC397621EB2776700FCBA4C /* MusicClient.swift */; };
		4DC398D31EB40B0800FCBA4C /* SpotifyAudioPlayback.framework in Frameworks */ = {isa = PBXBuildFile; fileRef = 4DC398841EB40B0800FCBA4C /* SpotifyAudioPlayback.framework */; };
		4DC398D41EB40B0800FCBA4C /* SpotifyAuthentication.framework in Frameworks */ = {isa = PBXBuildFile; fileRef = 4DC398851EB40B0800FCBA4C /* SpotifyAuthentication.framework */; };
		4DC398D51EB40B0800FCBA4C /* SpotifyMetadata.framework in Frameworks */ = {isa = PBXBuildFile; fileRef = 4DC398861EB40B0800FCBA4C /* SpotifyMetadata.framework */; };
		4DC398DE1EB411FC00FCBA4C /* MyMusic-Bridging-Header.h in Sources */ = {isa = PBXBuildFile; fileRef = 4DC398DD1EB411C200FCBA4C /* MyMusic-Bridging-Header.h */; };
		4DC398E71EB45EC700FCBA4C /* PagingObject.swift in Sources */ = {isa = PBXBuildFile; fileRef = 4DC398E61EB45EC700FCBA4C /* PagingObject.swift */; };
		4DC398EA1EB4E72F00FCBA4C /* MusicAccount.swift in Sources */ = {isa = PBXBuildFile; fileRef = 4DC398E91EB4E72F00FCBA4C /* MusicAccount.swift */; };
		4DC398ED1EB4EB6F00FCBA4C /* SpotifyService.swift in Sources */ = {isa = PBXBuildFile; fileRef = 4DC398EC1EB4EB6F00FCBA4C /* SpotifyService.swift */; };
		C6A8BE211EB5960600A1C0CA /* Images.xcassets in Resources */ = {isa = PBXBuildFile; fileRef = C6A8BE1B1EB5960600A1C0CA /* Images.xcassets */; };
		C6A8BE221EB5960600A1C0CA /* InteractivePlayerView.swift in Sources */ = {isa = PBXBuildFile; fileRef = C6A8BE1C1EB5960600A1C0CA /* InteractivePlayerView.swift */; };
		C6A8BE231EB5960600A1C0CA /* InteractivePlayerView.xib in Resources */ = {isa = PBXBuildFile; fileRef = C6A8BE1D1EB5960600A1C0CA /* InteractivePlayerView.xib */; };
		C6A8BE241EB5960600A1C0CA /* Player.storyboard in Resources */ = {isa = PBXBuildFile; fileRef = C6A8BE1E1EB5960600A1C0CA /* Player.storyboard */; };
		C6A8BE251EB5960600A1C0CA /* MusicPlayerViewController.swift in Sources */ = {isa = PBXBuildFile; fileRef = C6A8BE1F1EB5960600A1C0CA /* MusicPlayerViewController.swift */; };
		C6A8BE2A1EB5B25200A1C0CA /* TrackCell.swift in Sources */ = {isa = PBXBuildFile; fileRef = C6A8BE291EB5B25200A1C0CA /* TrackCell.swift */; };
		C6A8BE2F1EB61B7B00A1C0CA /* PlaylistViewController.swift in Sources */ = {isa = PBXBuildFile; fileRef = C6A8BE2E1EB61B7B00A1C0CA /* PlaylistViewController.swift */; };
		C6A8BE311EB61BC000A1C0CA /* PlaylistCell.swift in Sources */ = {isa = PBXBuildFile; fileRef = C6A8BE301EB61BC000A1C0CA /* PlaylistCell.swift */; };
/* End PBXBuildFile section */

/* Begin PBXFileReference section */
		193B5351C325255DB08C956E /* Pods-MyMusic.debug.xcconfig */ = {isa = PBXFileReference; includeInIndex = 1; lastKnownFileType = text.xcconfig; name = "Pods-MyMusic.debug.xcconfig"; path = "Pods/Target Support Files/Pods-MyMusic/Pods-MyMusic.debug.xcconfig"; sourceTree = "<group>"; };
		1E1AB29F1EBD040300ED89FA /* SignUpViewController.swift */ = {isa = PBXFileReference; fileEncoding = 4; lastKnownFileType = sourcecode.swift; path = SignUpViewController.swift; sourceTree = "<group>"; };
		1E1AB2A11EBD552600ED89FA /* LoginEntryCell.swift */ = {isa = PBXFileReference; fileEncoding = 4; lastKnownFileType = sourcecode.swift; path = LoginEntryCell.swift; sourceTree = "<group>"; };
		1E1AB2A51EBD71AC00ED89FA /* SingUpEntryCell.swift */ = {isa = PBXFileReference; fileEncoding = 4; lastKnownFileType = sourcecode.swift; path = SingUpEntryCell.swift; sourceTree = "<group>"; };
		1E345ED61EBF9A3B005FA0A2 /* SettingViewController.swift */ = {isa = PBXFileReference; fileEncoding = 4; lastKnownFileType = sourcecode.swift; path = SettingViewController.swift; sourceTree = "<group>"; };
		1E345ED81EBFD363005FA0A2 /* SpotifySettingCell.swift */ = {isa = PBXFileReference; fileEncoding = 4; lastKnownFileType = sourcecode.swift; path = SpotifySettingCell.swift; sourceTree = "<group>"; };
		1E345EDA1EBFD378005FA0A2 /* FitbitSettingCell.swift */ = {isa = PBXFileReference; fileEncoding = 4; lastKnownFileType = sourcecode.swift; path = FitbitSettingCell.swift; sourceTree = "<group>"; };
		1E345EDC1EBFEC01005FA0A2 /* SpotifyOauthController.swift */ = {isa = PBXFileReference; fileEncoding = 4; lastKnownFileType = sourcecode.swift; path = SpotifyOauthController.swift; sourceTree = "<group>"; };
		1E398A131EBE4D2F0019DE51 /* MainViewController.swift */ = {isa = PBXFileReference; fileEncoding = 4; lastKnownFileType = sourcecode.swift; path = MainViewController.swift; sourceTree = "<group>"; };
		1E398A151EBE4E960019DE51 /* LoginViewController.swift */ = {isa = PBXFileReference; fileEncoding = 4; lastKnownFileType = sourcecode.swift; path = LoginViewController.swift; sourceTree = "<group>"; };
		1E3F68981EBEC83700ED5CDA /* SpinView.swift */ = {isa = PBXFileReference; fileEncoding = 4; lastKnownFileType = sourcecode.swift; path = SpinView.swift; sourceTree = "<group>"; };
		1E70C4D41EC259EA00ACA36E /* WelcomeController.swift */ = {isa = PBXFileReference; fileEncoding = 4; lastKnownFileType = sourcecode.swift; path = WelcomeController.swift; sourceTree = "<group>"; };
		1E70C4D61EC25B2B00ACA36E /* IntroPageViewController.swift */ = {isa = PBXFileReference; fileEncoding = 4; lastKnownFileType = sourcecode.swift; path = IntroPageViewController.swift; sourceTree = "<group>"; };
		1E70C4D81EC25C8200ACA36E /* FitBitOauthController.swift */ = {isa = PBXFileReference; fileEncoding = 4; lastKnownFileType = sourcecode.swift; path = FitBitOauthController.swift; sourceTree = "<group>"; };
		1E70C4DA1EC26E9000ACA36E /* IntroViewController.swift */ = {isa = PBXFileReference; fileEncoding = 4; lastKnownFileType = sourcecode.swift; path = IntroViewController.swift; sourceTree = "<group>"; };
		1E8B6DDC1EC01CCE0060668F /* MyMusic.xib */ = {isa = PBXFileReference; fileEncoding = 4; lastKnownFileType = file.xib; path = MyMusic.xib; sourceTree = "<group>"; };
		1E8B6DE01EC01E790060668F /* MyMusic.swift */ = {isa = PBXFileReference; fileEncoding = 4; lastKnownFileType = sourcecode.swift; path = MyMusic.swift; sourceTree = "<group>"; };
		1E8B6DE61EC044F10060668F /* Assets.xcassets */ = {isa = PBXFileReference; lastKnownFileType = folder.assetcatalog; name = Assets.xcassets; path = MyMusic/Assets.xcassets; sourceTree = "<group>"; };
		4D863C731EBE76E800AE1FE6 /* FitbitAPI.swift */ = {isa = PBXFileReference; fileEncoding = 4; lastKnownFileType = sourcecode.swift; path = FitbitAPI.swift; sourceTree = "<group>"; };
		4DB4AE851EBE87D3002C4DB3 /* FitbitAuthenticationController.swift */ = {isa = PBXFileReference; fileEncoding = 4; lastKnownFileType = sourcecode.swift; path = FitbitAuthenticationController.swift; sourceTree = "<group>"; };
		4DB4AE891EBF9BFE002C4DB3 /* FavActivities.swift */ = {isa = PBXFileReference; fileEncoding = 4; lastKnownFileType = sourcecode.swift; path = FavActivities.swift; sourceTree = "<group>"; };
		4DB4AE8B1EC11F03002C4DB3 /* Activity.swift */ = {isa = PBXFileReference; fileEncoding = 4; lastKnownFileType = sourcecode.swift; path = Activity.swift; sourceTree = "<group>"; };
		4DB4AE8D1EC11FCA002C4DB3 /* Goals.swift */ = {isa = PBXFileReference; fileEncoding = 4; lastKnownFileType = sourcecode.swift; path = Goals.swift; sourceTree = "<group>"; };
		4DB4AE8F1EC11FEF002C4DB3 /* DailyActivitySummary.swift */ = {isa = PBXFileReference; fileEncoding = 4; lastKnownFileType = sourcecode.swift; path = DailyActivitySummary.swift; sourceTree = "<group>"; };
		4DB4AE911EC539C1002C4DB3 /* Activity.storyboard */ = {isa = PBXFileReference; fileEncoding = 4; lastKnownFileType = file.storyboard; path = Activity.storyboard; sourceTree = "<group>"; };
		4DB4AE931EC53D34002C4DB3 /* ActivityViewController.swift */ = {isa = PBXFileReference; fileEncoding = 4; lastKnownFileType = sourcecode.swift; path = ActivityViewController.swift; sourceTree = "<group>"; };
		4DC397461EB0254100FCBA4C /* MyMusic.app */ = {isa = PBXFileReference; explicitFileType = wrapper.application; includeInIndex = 0; path = MyMusic.app; sourceTree = BUILT_PRODUCTS_DIR; };
		4DC397491EB0254100FCBA4C /* AppDelegate.swift */ = {isa = PBXFileReference; lastKnownFileType = sourcecode.swift; path = AppDelegate.swift; sourceTree = "<group>"; };
		4DC3974E1EB0254100FCBA4C /* Base */ = {isa = PBXFileReference; lastKnownFileType = file.storyboard; name = Base; path = Base.lproj/Main.storyboard; sourceTree = "<group>"; };
		4DC397531EB0254100FCBA4C /* Base */ = {isa = PBXFileReference; lastKnownFileType = file.storyboard; name = Base; path = Base.lproj/LaunchScreen.storyboard; sourceTree = "<group>"; };
		4DC397551EB0254100FCBA4C /* Info.plist */ = {isa = PBXFileReference; lastKnownFileType = text.plist.xml; name = Info.plist; path = MyMusic/Info.plist; sourceTree = "<group>"; };
		4DC3975B1EB0260B00FCBA4C /* PlayList.storyboard */ = {isa = PBXFileReference; fileEncoding = 4; lastKnownFileType = file.storyboard; path = PlayList.storyboard; sourceTree = "<group>"; };
		4DC3975D1EB0262000FCBA4C /* Login.storyboard */ = {isa = PBXFileReference; fileEncoding = 4; lastKnownFileType = file.storyboard; path = Login.storyboard; sourceTree = "<group>"; };
		4DC3975F1EB030C700FCBA4C /* Settings.storyboard */ = {isa = PBXFileReference; fileEncoding = 4; lastKnownFileType = file.storyboard; path = Settings.storyboard; sourceTree = "<group>"; };
		4DC397621EB2776700FCBA4C /* MusicClient.swift */ = {isa = PBXFileReference; fileEncoding = 4; lastKnownFileType = sourcecode.swift; path = MusicClient.swift; sourceTree = "<group>"; };
		4DC398841EB40B0800FCBA4C /* SpotifyAudioPlayback.framework */ = {isa = PBXFileReference; lastKnownFileType = wrapper.framework; path = SpotifyAudioPlayback.framework; sourceTree = "<group>"; };
		4DC398851EB40B0800FCBA4C /* SpotifyAuthentication.framework */ = {isa = PBXFileReference; lastKnownFileType = wrapper.framework; path = SpotifyAuthentication.framework; sourceTree = "<group>"; };
		4DC398861EB40B0800FCBA4C /* SpotifyMetadata.framework */ = {isa = PBXFileReference; lastKnownFileType = wrapper.framework; path = SpotifyMetadata.framework; sourceTree = "<group>"; };
		4DC398DD1EB411C200FCBA4C /* MyMusic-Bridging-Header.h */ = {isa = PBXFileReference; lastKnownFileType = sourcecode.c.h; name = "MyMusic-Bridging-Header.h"; path = "MyMusic/MyMusic-Bridging-Header.h"; sourceTree = "<group>"; };
		4DC398E61EB45EC700FCBA4C /* PagingObject.swift */ = {isa = PBXFileReference; fileEncoding = 4; lastKnownFileType = sourcecode.swift; path = PagingObject.swift; sourceTree = "<group>"; };
		4DC398E91EB4E72F00FCBA4C /* MusicAccount.swift */ = {isa = PBXFileReference; fileEncoding = 4; lastKnownFileType = sourcecode.swift; path = MusicAccount.swift; sourceTree = "<group>"; };
		4DC398EC1EB4EB6F00FCBA4C /* SpotifyService.swift */ = {isa = PBXFileReference; fileEncoding = 4; lastKnownFileType = sourcecode.swift; path = SpotifyService.swift; sourceTree = "<group>"; };
		BF5A0A281DF8BDD6AC725740 /* Pods_MyMusic.framework */ = {isa = PBXFileReference; explicitFileType = wrapper.framework; includeInIndex = 0; path = Pods_MyMusic.framework; sourceTree = BUILT_PRODUCTS_DIR; };
		C6A8BE1B1EB5960600A1C0CA /* Images.xcassets */ = {isa = PBXFileReference; lastKnownFileType = folder.assetcatalog; path = Images.xcassets; sourceTree = "<group>"; };
		C6A8BE1C1EB5960600A1C0CA /* InteractivePlayerView.swift */ = {isa = PBXFileReference; fileEncoding = 4; lastKnownFileType = sourcecode.swift; path = InteractivePlayerView.swift; sourceTree = "<group>"; };
		C6A8BE1D1EB5960600A1C0CA /* InteractivePlayerView.xib */ = {isa = PBXFileReference; fileEncoding = 4; lastKnownFileType = file.xib; path = InteractivePlayerView.xib; sourceTree = "<group>"; };
		C6A8BE1E1EB5960600A1C0CA /* Player.storyboard */ = {isa = PBXFileReference; fileEncoding = 4; lastKnownFileType = file.storyboard; path = Player.storyboard; sourceTree = "<group>"; };
		C6A8BE1F1EB5960600A1C0CA /* MusicPlayerViewController.swift */ = {isa = PBXFileReference; fileEncoding = 4; lastKnownFileType = sourcecode.swift; path = MusicPlayerViewController.swift; sourceTree = "<group>"; };
		C6A8BE291EB5B25200A1C0CA /* TrackCell.swift */ = {isa = PBXFileReference; fileEncoding = 4; lastKnownFileType = sourcecode.swift; name = TrackCell.swift; path = MyMusic/TrackCell.swift; sourceTree = "<group>"; };
		C6A8BE2E1EB61B7B00A1C0CA /* PlaylistViewController.swift */ = {isa = PBXFileReference; fileEncoding = 4; lastKnownFileType = sourcecode.swift; path = PlaylistViewController.swift; sourceTree = "<group>"; };
		C6A8BE301EB61BC000A1C0CA /* PlaylistCell.swift */ = {isa = PBXFileReference; fileEncoding = 4; lastKnownFileType = sourcecode.swift; path = PlaylistCell.swift; sourceTree = "<group>"; };
		E93FB7B23B529F31AE98AFCC /* Pods-MyMusic.release.xcconfig */ = {isa = PBXFileReference; includeInIndex = 1; lastKnownFileType = text.xcconfig; name = "Pods-MyMusic.release.xcconfig"; path = "Pods/Target Support Files/Pods-MyMusic/Pods-MyMusic.release.xcconfig"; sourceTree = "<group>"; };
/* End PBXFileReference section */

/* Begin PBXFrameworksBuildPhase section */
		4DC397431EB0254000FCBA4C /* Frameworks */ = {
			isa = PBXFrameworksBuildPhase;
			buildActionMask = 2147483647;
			files = (
				4DC398D41EB40B0800FCBA4C /* SpotifyAuthentication.framework in Frameworks */,
				4DC398D51EB40B0800FCBA4C /* SpotifyMetadata.framework in Frameworks */,
				4DC398D31EB40B0800FCBA4C /* SpotifyAudioPlayback.framework in Frameworks */,
				42456EFB73996FDD638C0E2E /* Pods_MyMusic.framework in Frameworks */,
			);
			runOnlyForDeploymentPostprocessing = 0;
		};
/* End PBXFrameworksBuildPhase section */

/* Begin PBXGroup section */
		4DC3973D1EB0254000FCBA4C = {
			isa = PBXGroup;
			children = (
				4DC397481EB0254100FCBA4C /* MyMusic */,
				4DC397471EB0254100FCBA4C /* Products */,
				848877D62D1BF157F824561C /* Pods */,
				612873B253C2C2354A119C37 /* Frameworks */,
			);
			sourceTree = "<group>";
		};
		4DC397471EB0254100FCBA4C /* Products */ = {
			isa = PBXGroup;
			children = (
				4DC397461EB0254100FCBA4C /* MyMusic.app */,
			);
			name = Products;
			sourceTree = "<group>";
		};
		4DC397481EB0254100FCBA4C /* MyMusic */ = {
			isa = PBXGroup;
			children = (
				4DC397491EB0254100FCBA4C /* AppDelegate.swift */,
				4DC398E51EB45E7800FCBA4C /* Models */,
				C6A8BE321EB61BCB00A1C0CA /* View */,
				C6A8BE2C1EB61A9800A1C0CA /* ViewControllers */,
				4DC397611EB2774B00FCBA4C /* API */,
				C6A8BE2B1EB61A7400A1C0CA /* Storyboards */,
				4DC398EB1EB4EAF800FCBA4C /* Services */,
				C6A8BE2D1EB61AD000A1C0CA /* Utils */,
				4DC398231EB40B0800FCBA4C /* Spofity Frameworks */,
			);
			path = MyMusic;
			sourceTree = "<group>";
		};
		4DC397611EB2774B00FCBA4C /* API */ = {
			isa = PBXGroup;
			children = (
				4DC397621EB2776700FCBA4C /* MusicClient.swift */,
				4D863C731EBE76E800AE1FE6 /* FitbitAPI.swift */,
			);
			name = API;
			sourceTree = "<group>";
		};
		4DC398231EB40B0800FCBA4C /* Spofity Frameworks */ = {
			isa = PBXGroup;
			children = (
				4DC398841EB40B0800FCBA4C /* SpotifyAudioPlayback.framework */,
				4DC398851EB40B0800FCBA4C /* SpotifyAuthentication.framework */,
				4DC398861EB40B0800FCBA4C /* SpotifyMetadata.framework */,
			);
			name = "Spofity Frameworks";
			path = "ios-sdk-master";
			sourceTree = "<group>";
		};
		4DC398E51EB45E7800FCBA4C /* Models */ = {
			isa = PBXGroup;
			children = (
				4DC398E91EB4E72F00FCBA4C /* MusicAccount.swift */,
				4DC398E61EB45EC700FCBA4C /* PagingObject.swift */,
				4DB4AE891EBF9BFE002C4DB3 /* FavActivities.swift */,
				4DB4AE8B1EC11F03002C4DB3 /* Activity.swift */,
				4DB4AE8D1EC11FCA002C4DB3 /* Goals.swift */,
				4DB4AE8F1EC11FEF002C4DB3 /* DailyActivitySummary.swift */,
			);
			name = Models;
			sourceTree = "<group>";
		};
		4DC398EB1EB4EAF800FCBA4C /* Services */ = {
			isa = PBXGroup;
			children = (
				4DC398EC1EB4EB6F00FCBA4C /* SpotifyService.swift */,
			);
			name = Services;
			sourceTree = "<group>";
		};
		612873B253C2C2354A119C37 /* Frameworks */ = {
			isa = PBXGroup;
			children = (
				BF5A0A281DF8BDD6AC725740 /* Pods_MyMusic.framework */,
			);
			name = Frameworks;
			sourceTree = "<group>";
		};
		848877D62D1BF157F824561C /* Pods */ = {
			isa = PBXGroup;
			children = (
				193B5351C325255DB08C956E /* Pods-MyMusic.debug.xcconfig */,
				E93FB7B23B529F31AE98AFCC /* Pods-MyMusic.release.xcconfig */,
			);
			name = Pods;
			sourceTree = "<group>";
		};
		C6A8BE261EB5980C00A1C0CA /* InteractivePlayer_source */ = {
			isa = PBXGroup;
			children = (
				C6A8BE1B1EB5960600A1C0CA /* Images.xcassets */,
				C6A8BE1C1EB5960600A1C0CA /* InteractivePlayerView.swift */,
				C6A8BE1D1EB5960600A1C0CA /* InteractivePlayerView.xib */,
			);
			name = InteractivePlayer_source;
			path = MyMusic;
			sourceTree = "<group>";
		};
		C6A8BE2B1EB61A7400A1C0CA /* Storyboards */ = {
			isa = PBXGroup;
			children = (
				4DC3974D1EB0254100FCBA4C /* Main.storyboard */,
				4DC3975B1EB0260B00FCBA4C /* PlayList.storyboard */,
				4DC3975D1EB0262000FCBA4C /* Login.storyboard */,
				4DC3975F1EB030C700FCBA4C /* Settings.storyboard */,
				4DC397521EB0254100FCBA4C /* LaunchScreen.storyboard */,
				C6A8BE1E1EB5960600A1C0CA /* Player.storyboard */,
				4DB4AE911EC539C1002C4DB3 /* Activity.storyboard */,
			);
			name = Storyboards;
			sourceTree = "<group>";
		};
		C6A8BE2C1EB61A9800A1C0CA /* ViewControllers */ = {
			isa = PBXGroup;
			children = (
				1E398A151EBE4E960019DE51 /* LoginViewController.swift */,
				C6A8BE2E1EB61B7B00A1C0CA /* PlaylistViewController.swift */,
				C6A8BE1F1EB5960600A1C0CA /* MusicPlayerViewController.swift */,
				1E1AB29F1EBD040300ED89FA /* SignUpViewController.swift */,
				1E398A131EBE4D2F0019DE51 /* MainViewController.swift */,
				1E345ED61EBF9A3B005FA0A2 /* SettingViewController.swift */,
				4DB4AE851EBE87D3002C4DB3 /* FitbitAuthenticationController.swift */,
				1E345EDC1EBFEC01005FA0A2 /* SpotifyOauthController.swift */,
				1E70C4D81EC25C8200ACA36E /* FitBitOauthController.swift */,
				1E70C4D41EC259EA00ACA36E /* WelcomeController.swift */,
				1E70C4D61EC25B2B00ACA36E /* IntroPageViewController.swift */,
				1E70C4DA1EC26E9000ACA36E /* IntroViewController.swift */,
				4DB4AE931EC53D34002C4DB3 /* ActivityViewController.swift */,
			);
			name = ViewControllers;
			sourceTree = "<group>";
		};
		C6A8BE2D1EB61AD000A1C0CA /* Utils */ = {
			isa = PBXGroup;
			children = (
				1E8B6DE61EC044F10060668F /* Assets.xcassets */,
				C6A8BE261EB5980C00A1C0CA /* InteractivePlayer_source */,
				4DC398DD1EB411C200FCBA4C /* MyMusic-Bridging-Header.h */,
				4DC397551EB0254100FCBA4C /* Info.plist */,
			);
			name = Utils;
			path = ..;
			sourceTree = "<group>";
		};
		C6A8BE321EB61BCB00A1C0CA /* View */ = {
			isa = PBXGroup;
			children = (
				1E8B6DE01EC01E790060668F /* MyMusic.swift */,
				1E3F68981EBEC83700ED5CDA /* SpinView.swift */,
				C6A8BE291EB5B25200A1C0CA /* TrackCell.swift */,
				C6A8BE301EB61BC000A1C0CA /* PlaylistCell.swift */,
				1E1AB2A11EBD552600ED89FA /* LoginEntryCell.swift */,
				1E1AB2A51EBD71AC00ED89FA /* SingUpEntryCell.swift */,
				1E345ED81EBFD363005FA0A2 /* SpotifySettingCell.swift */,
				1E345EDA1EBFD378005FA0A2 /* FitbitSettingCell.swift */,
				1E8B6DDC1EC01CCE0060668F /* MyMusic.xib */,
			);
			name = View;
			path = ..;
			sourceTree = "<group>";
		};
/* End PBXGroup section */

/* Begin PBXNativeTarget section */
		4DC397451EB0254000FCBA4C /* MyMusic */ = {
			isa = PBXNativeTarget;
			buildConfigurationList = 4DC397581EB0254100FCBA4C /* Build configuration list for PBXNativeTarget "MyMusic" */;
			buildPhases = (
				6645E76D68FE2707D18BBEF8 /* [CP] Check Pods Manifest.lock */,
				4DC397421EB0254000FCBA4C /* Sources */,
				4DC397431EB0254000FCBA4C /* Frameworks */,
				4DC397441EB0254000FCBA4C /* Resources */,
				E291FFDF6DCD303BCDA430FA /* [CP] Embed Pods Frameworks */,
				3A7BF186FCA04A6A8EE1EA3F /* [CP] Copy Pods Resources */,
			);
			buildRules = (
			);
			dependencies = (
			);
			name = MyMusic;
			productName = MyMusic;
			productReference = 4DC397461EB0254100FCBA4C /* MyMusic.app */;
			productType = "com.apple.product-type.application";
		};
/* End PBXNativeTarget section */

/* Begin PBXProject section */
		4DC3973E1EB0254000FCBA4C /* Project object */ = {
			isa = PBXProject;
			attributes = {
				LastSwiftUpdateCheck = 0820;
				LastUpgradeCheck = 0820;
				ORGANIZATIONNAME = "Yerneni, Naresh";
				TargetAttributes = {
					4DC397451EB0254000FCBA4C = {
						CreatedOnToolsVersion = 8.2.1;
						DevelopmentTeam = V4YF8V8WZ6;
						ProvisioningStyle = Automatic;
					};
				};
			};
			buildConfigurationList = 4DC397411EB0254000FCBA4C /* Build configuration list for PBXProject "MyMusic" */;
			compatibilityVersion = "Xcode 3.2";
			developmentRegion = English;
			hasScannedForEncodings = 0;
			knownRegions = (
				en,
				Base,
			);
			mainGroup = 4DC3973D1EB0254000FCBA4C;
			productRefGroup = 4DC397471EB0254100FCBA4C /* Products */;
			projectDirPath = "";
			projectRoot = "";
			targets = (
				4DC397451EB0254000FCBA4C /* MyMusic */,
			);
		};
/* End PBXProject section */

/* Begin PBXResourcesBuildPhase section */
		4DC397441EB0254000FCBA4C /* Resources */ = {
			isa = PBXResourcesBuildPhase;
			buildActionMask = 2147483647;
			files = (
				4DC397541EB0254100FCBA4C /* LaunchScreen.storyboard in Resources */,
				C6A8BE211EB5960600A1C0CA /* Images.xcassets in Resources */,
				C6A8BE231EB5960600A1C0CA /* InteractivePlayerView.xib in Resources */,
				4DB4AE921EC539C1002C4DB3 /* Activity.storyboard in Resources */,
				1E8B6DDD1EC01CCE0060668F /* MyMusic.xib in Resources */,
				1E8B6DE71EC044F10060668F /* Assets.xcassets in Resources */,
				4DC3974F1EB0254100FCBA4C /* Main.storyboard in Resources */,
				4DC397601EB030C700FCBA4C /* Settings.storyboard in Resources */,
				4DC3975E1EB0262000FCBA4C /* Login.storyboard in Resources */,
				C6A8BE241EB5960600A1C0CA /* Player.storyboard in Resources */,
				4DC3975C1EB0260B00FCBA4C /* PlayList.storyboard in Resources */,
			);
			runOnlyForDeploymentPostprocessing = 0;
		};
/* End PBXResourcesBuildPhase section */

/* Begin PBXShellScriptBuildPhase section */
		3A7BF186FCA04A6A8EE1EA3F /* [CP] Copy Pods Resources */ = {
			isa = PBXShellScriptBuildPhase;
			buildActionMask = 2147483647;
			files = (
			);
			inputPaths = (
			);
			name = "[CP] Copy Pods Resources";
			outputPaths = (
			);
			runOnlyForDeploymentPostprocessing = 0;
			shellPath = /bin/sh;
			shellScript = "\"${SRCROOT}/Pods/Target Support Files/Pods-MyMusic/Pods-MyMusic-resources.sh\"\n";
			showEnvVarsInLog = 0;
		};
		6645E76D68FE2707D18BBEF8 /* [CP] Check Pods Manifest.lock */ = {
			isa = PBXShellScriptBuildPhase;
			buildActionMask = 2147483647;
			files = (
			);
			inputPaths = (
			);
			name = "[CP] Check Pods Manifest.lock";
			outputPaths = (
			);
			runOnlyForDeploymentPostprocessing = 0;
			shellPath = /bin/sh;
			shellScript = "diff \"${PODS_PODFILE_DIR_PATH}/Podfile.lock\" \"${PODS_ROOT}/Manifest.lock\" > /dev/null\nif [ $? != 0 ] ; then\n    # print error to STDERR\n    echo \"error: The sandbox is not in sync with the Podfile.lock. Run 'pod install' or update your CocoaPods installation.\" >&2\n    exit 1\nfi\n";
			showEnvVarsInLog = 0;
		};
		E291FFDF6DCD303BCDA430FA /* [CP] Embed Pods Frameworks */ = {
			isa = PBXShellScriptBuildPhase;
			buildActionMask = 2147483647;
			files = (
			);
			inputPaths = (
			);
			name = "[CP] Embed Pods Frameworks";
			outputPaths = (
			);
			runOnlyForDeploymentPostprocessing = 0;
			shellPath = /bin/sh;
			shellScript = "\"${SRCROOT}/Pods/Target Support Files/Pods-MyMusic/Pods-MyMusic-frameworks.sh\"\n";
			showEnvVarsInLog = 0;
		};
/* End PBXShellScriptBuildPhase section */

/* Begin PBXSourcesBuildPhase section */
		4DC397421EB0254000FCBA4C /* Sources */ = {
			isa = PBXSourcesBuildPhase;
			buildActionMask = 2147483647;
			files = (
				4DB4AE8E1EC11FCA002C4DB3 /* Goals.swift in Sources */,
				1E70C4DB1EC26E9100ACA36E /* IntroViewController.swift in Sources */,
				4DB4AE8A1EBF9BFE002C4DB3 /* FavActivities.swift in Sources */,
				4DB4AE901EC11FEF002C4DB3 /* DailyActivitySummary.swift in Sources */,
				4DC398DE1EB411FC00FCBA4C /* MyMusic-Bridging-Header.h in Sources */,
				4DC3974A1EB0254100FCBA4C /* AppDelegate.swift in Sources */,
				1E345EDB1EBFD378005FA0A2 /* FitbitSettingCell.swift in Sources */,
				1E3F68991EBEC83700ED5CDA /* SpinView.swift in Sources */,
				4DC398EA1EB4E72F00FCBA4C /* MusicAccount.swift in Sources */,
				1E398A161EBE4E960019DE51 /* LoginViewController.swift in Sources */,
				4DB4AE941EC53D34002C4DB3 /* ActivityViewController.swift in Sources */,
				1E345ED71EBF9A3B005FA0A2 /* SettingViewController.swift in Sources */,
				C6A8BE221EB5960600A1C0CA /* InteractivePlayerView.swift in Sources */,
				4DB4AE8C1EC11F03002C4DB3 /* Activity.swift in Sources */,
				1E70C4D91EC25C8200ACA36E /* FitBitOauthController.swift in Sources */,
				4DB4AE861EBE87D3002C4DB3 /* FitbitAuthenticationController.swift in Sources */,
				C6A8BE2A1EB5B25200A1C0CA /* TrackCell.swift in Sources */,
				4DC398ED1EB4EB6F00FCBA4C /* SpotifyService.swift in Sources */,
				1E345EDD1EBFEC01005FA0A2 /* SpotifyOauthController.swift in Sources */,
				1E345ED91EBFD363005FA0A2 /* SpotifySettingCell.swift in Sources */,
				1E1AB2A61EBD71AC00ED89FA /* SingUpEntryCell.swift in Sources */,
				C6A8BE2F1EB61B7B00A1C0CA /* PlaylistViewController.swift in Sources */,
				1E398A141EBE4D300019DE51 /* MainViewController.swift in Sources */,
				1E70C4D51EC259EA00ACA36E /* WelcomeController.swift in Sources */,
				1E398A171EBE4F3A0019DE51 /* LoginEntryCell.swift in Sources */,
				1E70C4D71EC25B2B00ACA36E /* IntroPageViewController.swift in Sources */,
				1E1AB2A01EBD040300ED89FA /* SignUpViewController.swift in Sources */,
				4DC398E71EB45EC700FCBA4C /* PagingObject.swift in Sources */,
				4D863C741EBE76E800AE1FE6 /* FitbitAPI.swift in Sources */,
				C6A8BE251EB5960600A1C0CA /* MusicPlayerViewController.swift in Sources */,
				4DC397631EB2776700FCBA4C /* MusicClient.swift in Sources */,
				C6A8BE311EB61BC000A1C0CA /* PlaylistCell.swift in Sources */,
				1E8B6DE11EC01E790060668F /* MyMusic.swift in Sources */,
			);
			runOnlyForDeploymentPostprocessing = 0;
		};
/* End PBXSourcesBuildPhase section */

/* Begin PBXVariantGroup section */
		4DC3974D1EB0254100FCBA4C /* Main.storyboard */ = {
			isa = PBXVariantGroup;
			children = (
				4DC3974E1EB0254100FCBA4C /* Base */,
			);
			name = Main.storyboard;
			sourceTree = "<group>";
		};
		4DC397521EB0254100FCBA4C /* LaunchScreen.storyboard */ = {
			isa = PBXVariantGroup;
			children = (
				4DC397531EB0254100FCBA4C /* Base */,
			);
			name = LaunchScreen.storyboard;
			sourceTree = "<group>";
		};
/* End PBXVariantGroup section */

/* Begin XCBuildConfiguration section */
		4DC397561EB0254100FCBA4C /* Debug */ = {
			isa = XCBuildConfiguration;
			buildSettings = {
				ALWAYS_SEARCH_USER_PATHS = NO;
				CLANG_ANALYZER_NONNULL = YES;
				CLANG_CXX_LANGUAGE_STANDARD = "gnu++0x";
				CLANG_CXX_LIBRARY = "libc++";
				CLANG_ENABLE_MODULES = YES;
				CLANG_ENABLE_OBJC_ARC = YES;
				CLANG_WARN_BOOL_CONVERSION = YES;
				CLANG_WARN_CONSTANT_CONVERSION = YES;
				CLANG_WARN_DIRECT_OBJC_ISA_USAGE = YES_ERROR;
				CLANG_WARN_DOCUMENTATION_COMMENTS = YES;
				CLANG_WARN_EMPTY_BODY = YES;
				CLANG_WARN_ENUM_CONVERSION = YES;
				CLANG_WARN_INFINITE_RECURSION = YES;
				CLANG_WARN_INT_CONVERSION = YES;
				CLANG_WARN_OBJC_ROOT_CLASS = YES_ERROR;
				CLANG_WARN_SUSPICIOUS_MOVE = YES;
				CLANG_WARN_UNREACHABLE_CODE = YES;
				CLANG_WARN__DUPLICATE_METHOD_MATCH = YES;
				"CODE_SIGN_IDENTITY[sdk=iphoneos*]" = "iPhone Developer";
				COPY_PHASE_STRIP = NO;
				DEBUG_INFORMATION_FORMAT = dwarf;
				ENABLE_STRICT_OBJC_MSGSEND = YES;
				ENABLE_TESTABILITY = YES;
				GCC_C_LANGUAGE_STANDARD = gnu99;
				GCC_DYNAMIC_NO_PIC = NO;
				GCC_NO_COMMON_BLOCKS = YES;
				GCC_OPTIMIZATION_LEVEL = 0;
				GCC_PREPROCESSOR_DEFINITIONS = (
					"DEBUG=1",
					"$(inherited)",
				);
				GCC_WARN_64_TO_32_BIT_CONVERSION = YES;
				GCC_WARN_ABOUT_RETURN_TYPE = YES_ERROR;
				GCC_WARN_UNDECLARED_SELECTOR = YES;
				GCC_WARN_UNINITIALIZED_AUTOS = YES_AGGRESSIVE;
				GCC_WARN_UNUSED_FUNCTION = YES;
				GCC_WARN_UNUSED_VARIABLE = YES;
				IPHONEOS_DEPLOYMENT_TARGET = 9.0;
				MTL_ENABLE_DEBUG_INFO = YES;
				ONLY_ACTIVE_ARCH = YES;
				SDKROOT = iphoneos;
				SWIFT_ACTIVE_COMPILATION_CONDITIONS = DEBUG;
				SWIFT_OPTIMIZATION_LEVEL = "-Onone";
				TARGETED_DEVICE_FAMILY = "1,2";
			};
			name = Debug;
		};
		4DC397571EB0254100FCBA4C /* Release */ = {
			isa = XCBuildConfiguration;
			buildSettings = {
				ALWAYS_SEARCH_USER_PATHS = NO;
				CLANG_ANALYZER_NONNULL = YES;
				CLANG_CXX_LANGUAGE_STANDARD = "gnu++0x";
				CLANG_CXX_LIBRARY = "libc++";
				CLANG_ENABLE_MODULES = YES;
				CLANG_ENABLE_OBJC_ARC = YES;
				CLANG_WARN_BOOL_CONVERSION = YES;
				CLANG_WARN_CONSTANT_CONVERSION = YES;
				CLANG_WARN_DIRECT_OBJC_ISA_USAGE = YES_ERROR;
				CLANG_WARN_DOCUMENTATION_COMMENTS = YES;
				CLANG_WARN_EMPTY_BODY = YES;
				CLANG_WARN_ENUM_CONVERSION = YES;
				CLANG_WARN_INFINITE_RECURSION = YES;
				CLANG_WARN_INT_CONVERSION = YES;
				CLANG_WARN_OBJC_ROOT_CLASS = YES_ERROR;
				CLANG_WARN_SUSPICIOUS_MOVE = YES;
				CLANG_WARN_UNREACHABLE_CODE = YES;
				CLANG_WARN__DUPLICATE_METHOD_MATCH = YES;
				"CODE_SIGN_IDENTITY[sdk=iphoneos*]" = "iPhone Developer";
				COPY_PHASE_STRIP = NO;
				DEBUG_INFORMATION_FORMAT = "dwarf-with-dsym";
				ENABLE_NS_ASSERTIONS = NO;
				ENABLE_STRICT_OBJC_MSGSEND = YES;
				GCC_C_LANGUAGE_STANDARD = gnu99;
				GCC_NO_COMMON_BLOCKS = YES;
				GCC_WARN_64_TO_32_BIT_CONVERSION = YES;
				GCC_WARN_ABOUT_RETURN_TYPE = YES_ERROR;
				GCC_WARN_UNDECLARED_SELECTOR = YES;
				GCC_WARN_UNINITIALIZED_AUTOS = YES_AGGRESSIVE;
				GCC_WARN_UNUSED_FUNCTION = YES;
				GCC_WARN_UNUSED_VARIABLE = YES;
				IPHONEOS_DEPLOYMENT_TARGET = 9.0;
				MTL_ENABLE_DEBUG_INFO = NO;
				SDKROOT = iphoneos;
				SWIFT_OPTIMIZATION_LEVEL = "-Owholemodule";
				TARGETED_DEVICE_FAMILY = "1,2";
				VALIDATE_PRODUCT = YES;
			};
			name = Release;
		};
		4DC397591EB0254100FCBA4C /* Debug */ = {
			isa = XCBuildConfiguration;
			baseConfigurationReference = 193B5351C325255DB08C956E /* Pods-MyMusic.debug.xcconfig */;
			buildSettings = {
				ASSETCATALOG_COMPILER_APPICON_NAME = AppIcon;
				FRAMEWORK_SEARCH_PATHS = (
					"$(inherited)",
					"$(PROJECT_DIR)/ios-sdk-master",
					"$(PROJECT_DIR)/MyMusic/ios-sdk-master",
				);
				INFOPLIST_FILE = MyMusic/Info.plist;
				IPHONEOS_DEPLOYMENT_TARGET = 9.0;
				LD_RUNPATH_SEARCH_PATHS = "$(inherited) @executable_path/Frameworks";
				PRODUCT_BUNDLE_IDENTIFIER = com.yerneni.MyMusic;
				PRODUCT_NAME = "$(TARGET_NAME)";
				SWIFT_OBJC_BRIDGING_HEADER = "MyMusic/MyMusic-Bridging-Header.h";
				SWIFT_VERSION = 3.0;
				TARGETED_DEVICE_FAMILY = 1;
			};
			name = Debug;
		};
		4DC3975A1EB0254100FCBA4C /* Release */ = {
			isa = XCBuildConfiguration;
			baseConfigurationReference = E93FB7B23B529F31AE98AFCC /* Pods-MyMusic.release.xcconfig */;
			buildSettings = {
				ASSETCATALOG_COMPILER_APPICON_NAME = AppIcon;
				FRAMEWORK_SEARCH_PATHS = (
					"$(inherited)",
					"$(PROJECT_DIR)/ios-sdk-master",
					"$(PROJECT_DIR)/MyMusic/ios-sdk-master",
				);
				INFOPLIST_FILE = MyMusic/Info.plist;
				IPHONEOS_DEPLOYMENT_TARGET = 9.0;
				LD_RUNPATH_SEARCH_PATHS = "$(inherited) @executable_path/Frameworks";
				PRODUCT_BUNDLE_IDENTIFIER = com.yerneni.MyMusic;
				PRODUCT_NAME = "$(TARGET_NAME)";
				SWIFT_OBJC_BRIDGING_HEADER = "MyMusic/MyMusic-Bridging-Header.h";
				SWIFT_VERSION = 3.0;
				TARGETED_DEVICE_FAMILY = 1;
			};
			name = Release;
		};
/* End XCBuildConfiguration section */

/* Begin XCConfigurationList section */
		4DC397411EB0254000FCBA4C /* Build configuration list for PBXProject "MyMusic" */ = {
			isa = XCConfigurationList;
			buildConfigurations = (
				4DC397561EB0254100FCBA4C /* Debug */,
				4DC397571EB0254100FCBA4C /* Release */,
			);
			defaultConfigurationIsVisible = 0;
			defaultConfigurationName = Release;
		};
		4DC397581EB0254100FCBA4C /* Build configuration list for PBXNativeTarget "MyMusic" */ = {
			isa = XCConfigurationList;
			buildConfigurations = (
				4DC397591EB0254100FCBA4C /* Debug */,
				4DC3975A1EB0254100FCBA4C /* Release */,
			);
			defaultConfigurationIsVisible = 0;
			defaultConfigurationName = Release;
		};
/* End XCConfigurationList section */
	};
	rootObject = 4DC3973E1EB0254000FCBA4C /* Project object */;
}
